
Microsoft Visual Studio Solution File, Format Version 12.00
# Visual Studio Version 16
VisualStudioVersion = 16.0.31424.327
MinimumVisualStudioVersion = 10.0.40219.1
Project("{FAE04EC0-301F-11D3-BF4B-00C04F79EFBC}") = "Memoizator", "Memoizator\Memoizator.csproj", "{4531B649-2768-4ECF-A00B-6B7286BF62E2}"
EndProject
Project("{FAE04EC0-301F-11D3-BF4B-00C04F79EFBC}") = "Memoizator.Tests", "Memoizator.Tests\Memoizator.Tests.csproj", "{B3FCFDC4-9C9B-42BB-89CB-FCE5B6288AA7}"
EndProject
Global
	GlobalSection(SolutionConfigurationPlatforms) = preSolution
		Debug|Any CPU = Debug|Any CPU
		Release|Any CPU = Release|Any CPU
	EndGlobalSection
	GlobalSection(ProjectConfigurationPlatforms) = postSolution
		{4531B649-2768-4ECF-A00B-6B7286BF62E2}.Debug|Any CPU.ActiveCfg = Debug|Any CPU
		{4531B649-2768-4ECF-A00B-6B7286BF62E2}.Debug|Any CPU.Build.0 = Debug|Any CPU
		{4531B649-2768-4ECF-A00B-6B7286BF62E2}.Release|Any CPU.ActiveCfg = Release|Any CPU
		{4531B649-2768-4ECF-A00B-6B7286BF62E2}.Release|Any CPU.Build.0 = Release|Any CPU
		{B3FCFDC4-9C9B-42BB-89CB-FCE5B6288AA7}.Debug|Any CPU.ActiveCfg = Debug|Any CPU
		{B3FCFDC4-9C9B-42BB-89CB-FCE5B6288AA7}.Debug|Any CPU.Build.0 = Debug|Any CPU
		{B3FCFDC4-9C9B-42BB-89CB-FCE5B6288AA7}.Release|Any CPU.ActiveCfg = Release|Any CPU
		{B3FCFDC4-9C9B-42BB-89CB-FCE5B6288AA7}.Release|Any CPU.Build.0 = Release|Any CPU
	EndGlobalSection
	GlobalSection(SolutionProperties) = preSolution
		HideSolutionNode = FALSE
	EndGlobalSection
	GlobalSection(ExtensibilityGlobals) = postSolution
		SolutionGuid = {066F007C-601E-4AAC-A661-A6B02E7B8056}
	EndGlobalSection
EndGlobal
